
Microsoft Visual Studio Solution File, Format Version 12.00
# Visual Studio 15
VisualStudioVersion = 15.0.28010.2046
MinimumVisualStudioVersion = 10.0.40219.1
Project("{FAE04EC0-301F-11D3-BF4B-00C04F79EFBC}") = "LINQ", "LINQ\LINQ.csproj", "{F61A2AA9-527E-4744-969E-D533B3A9A3D4}"
EndProject
Global
	GlobalSection(SolutionConfigurationPlatforms) = preSolution
		Debug|Any CPU = Debug|Any CPU
		Release|Any CPU = Release|Any CPU
	EndGlobalSection
	GlobalSection(ProjectConfigurationPlatforms) = postSolution
		{F61A2AA9-527E-4744-969E-D533B3A9A3D4}.Debug|Any CPU.ActiveCfg = Debug|Any CPU
		{F61A2AA9-527E-4744-969E-D533B3A9A3D4}.Debug|Any CPU.Build.0 = Debug|Any CPU
		{F61A2AA9-527E-4744-969E-D533B3A9A3D4}.Release|Any CPU.ActiveCfg = Release|Any CPU
		{F61A2AA9-527E-4744-969E-D533B3A9A3D4}.Release|Any CPU.Build.0 = Release|Any CPU
	EndGlobalSection
	GlobalSection(SolutionProperties) = preSolution
		HideSolutionNode = FALSE
	EndGlobalSection
	GlobalSection(ExtensibilityGlobals) = postSolution
		SolutionGuid = {2481C572-8343-4980-8C17-7E4489125313}
	EndGlobalSection
EndGlobal
